
Microsoft Visual Studio Solution File, Format Version 12.00
# Visual Studio Version 17
VisualStudioVersion = 17.7.34202.233
MinimumVisualStudioVersion = 10.0.40219.1
Project("{FAE04EC0-301F-11D3-BF4B-00C04F79EFBC}") = "WinFormsApp1", "WinFormsApp1.csproj", "{8672CA5F-98CD-4094-8B51-B3A1F1F21F6B}"
EndProject
Global
	GlobalSection(SolutionConfigurationPlatforms) = preSolution
		Debug|Any CPU = Debug|Any CPU
		Release|Any CPU = Release|Any CPU
	EndGlobalSection
	GlobalSection(ProjectConfigurationPlatforms) = postSolution
		{8672CA5F-98CD-4094-8B51-B3A1F1F21F6B}.Debug|Any CPU.ActiveCfg = Debug|Any CPU
		{8672CA5F-98CD-4094-8B51-B3A1F1F21F6B}.Debug|Any CPU.Build.0 = Debug|Any CPU
		{8672CA5F-98CD-4094-8B51-B3A1F1F21F6B}.Release|Any CPU.ActiveCfg = Release|Any CPU
		{8672CA5F-98CD-4094-8B51-B3A1F1F21F6B}.Release|Any CPU.Build.0 = Release|Any CPU
	EndGlobalSection
	GlobalSection(SolutionProperties) = preSolution
		HideSolutionNode = FALSE
	EndGlobalSection
	GlobalSection(ExtensibilityGlobals) = postSolution
		SolutionGuid = {CF0A2BCF-7464-42DF-843E-9314F92B5060}
	EndGlobalSection
EndGlobal
